
Microsoft Visual Studio Solution File, Format Version 12.00
# Visual Studio Version 16
VisualStudioVersion = 16.0.29411.108
MinimumVisualStudioVersion = 10.0.40219.1
Project("{FAE04EC0-301F-11D3-BF4B-00C04F79EFBC}") = "College-Calculator-0", "College-Calculator-0\College-Calculator-0.csproj", "{BCC18F3B-D069-44BE-B08E-518900EF2737}"
EndProject
Global
	GlobalSection(SolutionConfigurationPlatforms) = preSolution
		Debug|Any CPU = Debug|Any CPU
		Release|Any CPU = Release|Any CPU
	EndGlobalSection
	GlobalSection(ProjectConfigurationPlatforms) = postSolution
		{BCC18F3B-D069-44BE-B08E-518900EF2737}.Debug|Any CPU.ActiveCfg = Debug|Any CPU
		{BCC18F3B-D069-44BE-B08E-518900EF2737}.Debug|Any CPU.Build.0 = Debug|Any CPU
		{BCC18F3B-D069-44BE-B08E-518900EF2737}.Release|Any CPU.ActiveCfg = Release|Any CPU
		{BCC18F3B-D069-44BE-B08E-518900EF2737}.Release|Any CPU.Build.0 = Release|Any CPU
	EndGlobalSection
	GlobalSection(SolutionProperties) = preSolution
		HideSolutionNode = FALSE
	EndGlobalSection
	GlobalSection(ExtensibilityGlobals) = postSolution
		SolutionGuid = {B86351E9-FDB6-4C5C-AED2-F1C3FBA07F94}
	EndGlobalSection
EndGlobal
